{
  "lockfileVersion": 1,
  "workspaces": {
    "": {
      "name": "easy-vid-share",
      "dependencies": {
        "hono": "^4.7.9",
        "mime-types": "^3.0.1",
      },
      "devDependencies": {
        "@types/bun": "latest",
        "@types/mime-types": "^2.1.4",
      },
    },
  },
  "packages": {
    "@types/bun": ["@types/bun@1.2.13", "", { "dependencies": { "bun-types": "1.2.13" } }, "sha512-u6vXep/i9VBxoJl3GjZsl/BFIsvML8DfVDO0RYLEwtSZSp981kEO1V5NwRcO1CPJ7AmvpbnDCiMKo3JvbDEjAg=="],

    "@types/mime-types": ["@types/mime-types@2.1.4", "", {}, "sha512-lfU4b34HOri+kAY5UheuFMWPDOI+OPceBSHZKp69gEyTL/mmJ4cnU6Y/rlme3UL3GyOn6Y42hyIEw0/q8sWx5w=="],

    "@types/node": ["@types/node@22.15.17", "", { "dependencies": { "undici-types": "~6.21.0" } }, "sha512-wIX2aSZL5FE+MR0JlvF87BNVrtFWf6AE6rxSE9X7OwnVvoyCQjpzSRJ+M87se/4QCkCiebQAqrJ0y6fwIyi7nw=="],

    "bun-types": ["bun-types@1.2.13", "", { "dependencies": { "@types/node": "*" } }, "sha512-rRjA1T6n7wto4gxhAO/ErZEtOXyEZEmnIHQfl0Dt1QQSB4QV0iP6BZ9/YB5fZaHFQ2dwHFrmPaRQ9GGMX01k9Q=="],

    "hono": ["hono@4.7.9", "", {}, "sha512-/EsCoR5h7N4yu01TDu9GMCCJa6ZLk5ZJIWFFGNawAXmd1Tp53+Wir4xm0D2X19bbykWUlzQG0+BvPAji6p9E8Q=="],

    "mime-db": ["mime-db@1.54.0", "", {}, "sha512-aU5EJuIN2WDemCcAp2vFBfp/m4EAhWJnUNSSw0ixs7/kXbd6Pg64EmwJkNdFhB8aWt1sH2CTXrLxo/iAGV3oPQ=="],

    "mime-types": ["mime-types@3.0.1", "", { "dependencies": { "mime-db": "^1.54.0" } }, "sha512-xRc4oEhT6eaBpU1XF7AjpOFD+xQmXNB5OVKwp4tqCuBpHLS/ZbBDrc07mYTDqVMg6PfxUjjNp85O6Cd2Z/5HWA=="],

    "undici-types": ["undici-types@6.21.0", "", {}, "sha512-iwDZqg0QAGrg9Rav5H4n0M64c3mkR59cJ6wQp+7C4nI0gsmExaedaYLNO44eT4AtBBwjbTiGPMlt2Md0T9H9JQ=="],
  }
}
